// !$*UTF8*$!
{
	archiveVersion = 1;
	classes = {
	};
	objectVersion = 46;
	objects = {

/* Begin PBXBuildFile section */
		09107FE81D5B7DA20099E52C /* OrderView.swift in Sources */ = {isa = PBXBuildFile; fileRef = 09107FE71D5B7DA20099E52C /* OrderView.swift */; };
		091615341D7BFE0C00D924D8 /* EditFreeAddress.swift in Sources */ = {isa = PBXBuildFile; fileRef = 091615331D7BFE0C00D924D8 /* EditFreeAddress.swift */; };
		091615361D7BFE4F00D924D8 /* DancingShoesViewController.swift in Sources */ = {isa = PBXBuildFile; fileRef = 091615351D7BFE4F00D924D8 /* DancingShoesViewController.swift */; };
		091615381D7BFF5700D924D8 /* AddPostAddress.swift in Sources */ = {isa = PBXBuildFile; fileRef = 091615371D7BFF5700D924D8 /* AddPostAddress.swift */; };
		0916153A1D7C02EC00D924D8 /* FreeAddress.swift in Sources */ = {isa = PBXBuildFile; fileRef = 091615391D7C02EC00D924D8 /* FreeAddress.swift */; };
		0916153C1D7C040B00D924D8 /* PostAddress.swift in Sources */ = {isa = PBXBuildFile; fileRef = 0916153B1D7C040B00D924D8 /* PostAddress.swift */; };
		0916CD5F1D3FC65300167988 /* Tools.swift in Sources */ = {isa = PBXBuildFile; fileRef = 0916CD5E1D3FC65300167988 /* Tools.swift */; };
		091AE1441D7AE6A1002CB33F /* Extensions.swift in Sources */ = {isa = PBXBuildFile; fileRef = 091AE1431D7AE6A1002CB33F /* Extensions.swift */; };
		09232ECC1D3BD7F500CF0C0A /* FBSDKCoreKit.framework in Frameworks */ = {isa = PBXBuildFile; fileRef = 09232EC91D3BD7F500CF0C0A /* FBSDKCoreKit.framework */; };
		09232ECD1D3BD7F500CF0C0A /* FBSDKLoginKit.framework in Frameworks */ = {isa = PBXBuildFile; fileRef = 09232ECA1D3BD7F500CF0C0A /* FBSDKLoginKit.framework */; };
		09232ECE1D3BD7F500CF0C0A /* FBSDKShareKit.framework in Frameworks */ = {isa = PBXBuildFile; fileRef = 09232ECB1D3BD7F500CF0C0A /* FBSDKShareKit.framework */; };
		09232ED01D3BDEC600CF0C0A /* GoogleService-Info.plist in Resources */ = {isa = PBXBuildFile; fileRef = 09232ECF1D3BDEC600CF0C0A /* GoogleService-Info.plist */; };
		092629981D675B7B00F3112C /* ProductTab.swift in Sources */ = {isa = PBXBuildFile; fileRef = 092629971D675B7B00F3112C /* ProductTab.swift */; };
		092856B91D76470200B81D6F /* EditProfilePhoto.swift in Sources */ = {isa = PBXBuildFile; fileRef = 092856B81D76470200B81D6F /* EditProfilePhoto.swift */; };
		094CDC381D72590C00D03A5B /* EditProfile.swift in Sources */ = {isa = PBXBuildFile; fileRef = 094CDC371D72590C00D03A5B /* EditProfile.swift */; };
		094CDC5D1D72F10E00D03A5B /* EidtUserName.swift in Sources */ = {isa = PBXBuildFile; fileRef = 094CDC5C1D72F10E00D03A5B /* EidtUserName.swift */; };
		094CDC5F1D733F1B00D03A5B /* EditPhoneNumber.swift in Sources */ = {isa = PBXBuildFile; fileRef = 094CDC5E1D733F1B00D03A5B /* EditPhoneNumber.swift */; };
		0955E4E41D36F4EE0060B47E /* AppDelegate.swift in Sources */ = {isa = PBXBuildFile; fileRef = 0955E4E31D36F4EE0060B47E /* AppDelegate.swift */; };
		0955E4EB1D36F4EE0060B47E /* Assets.xcassets in Resources */ = {isa = PBXBuildFile; fileRef = 0955E4EA1D36F4EE0060B47E /* Assets.xcassets */; };
		0955E4EE1D36F4EE0060B47E /* LaunchScreen.storyboard in Resources */ = {isa = PBXBuildFile; fileRef = 0955E4EC1D36F4EE0060B47E /* LaunchScreen.storyboard */; };
		0955E4F81D36F6070060B47E /* StoreTab.swift in Sources */ = {isa = PBXBuildFile; fileRef = 0955E4F71D36F6070060B47E /* StoreTab.swift */; };
		0955E4FA1D36F6230060B47E /* CartTab.swift in Sources */ = {isa = PBXBuildFile; fileRef = 0955E4F91D36F6230060B47E /* CartTab.swift */; };
		0955E4FC1D36F6340060B47E /* MeTab.swift in Sources */ = {isa = PBXBuildFile; fileRef = 0955E4FB1D36F6340060B47E /* MeTab.swift */; };
		0955E4FE1D36F64E0060B47E /* Tabbar.swift in Sources */ = {isa = PBXBuildFile; fileRef = 0955E4FD1D36F64E0060B47E /* Tabbar.swift */; };
		0955E5001D3700810060B47E /* SocialSignIn.swift in Sources */ = {isa = PBXBuildFile; fileRef = 0955E4FF1D3700810060B47E /* SocialSignIn.swift */; };
		097469241D4BB052009459EF /* Vser.swift in Sources */ = {isa = PBXBuildFile; fileRef = 097469231D4BB052009459EF /* Vser.swift */; };
		098E0A8A1D80BC5A0045A9D2 /* EditPostAddress.swift in Sources */ = {isa = PBXBuildFile; fileRef = 098E0A891D80BC5A0045A9D2 /* EditPostAddress.swift */; };
		09991E081D6D0E22009B81F9 /* EmptyTableView.swift in Sources */ = {isa = PBXBuildFile; fileRef = 09991E071D6D0E22009B81F9 /* EmptyTableView.swift */; };
		099B9AE31D4FA50F006CC617 /* MyAddress.swift in Sources */ = {isa = PBXBuildFile; fileRef = 099B9AE21D4FA50F006CC617 /* MyAddress.swift */; };
		099F748A1D78E46100EE84D3 /* MYTextField.swift in Sources */ = {isa = PBXBuildFile; fileRef = 099F74891D78E46100EE84D3 /* MYTextField.swift */; };
		09B7E8441D3DDF4000479035 /* Register.swift in Sources */ = {isa = PBXBuildFile; fileRef = 09B7E8431D3DDF4000479035 /* Register.swift */; };
		09D05E441D635CDD0020B70F /* AboutUs.swift in Sources */ = {isa = PBXBuildFile; fileRef = 09D05E431D635CDD0020B70F /* AboutUs.swift */; };
		09D3574C1D8ADB51009E9E49 /* ShortProduct.swift in Sources */ = {isa = PBXBuildFile; fileRef = 09D3574B1D8ADB51009E9E49 /* ShortProduct.swift */; };
		09FC426B1D8759450016937E /* BriefProductCollectionViewCell.swift in Sources */ = {isa = PBXBuildFile; fileRef = 09FC426A1D8759450016937E /* BriefProductCollectionViewCell.swift */; };
		0C6F72DF964B3A8BFE3CC86F /* Pods_aomai.framework in Frameworks */ = {isa = PBXBuildFile; fileRef = D6270E9424D0A8DFF1F1ECF7 /* Pods_aomai.framework */; };
/* End PBXBuildFile section */

/* Begin PBXFileReference section */
		09107FE71D5B7DA20099E52C /* OrderView.swift */ = {isa = PBXFileReference; fileEncoding = 4; lastKnownFileType = sourcecode.swift; path = OrderView.swift; sourceTree = "<group>"; };
		091615331D7BFE0C00D924D8 /* EditFreeAddress.swift */ = {isa = PBXFileReference; fileEncoding = 4; lastKnownFileType = sourcecode.swift; path = EditFreeAddress.swift; sourceTree = "<group>"; };
		091615351D7BFE4F00D924D8 /* DancingShoesViewController.swift */ = {isa = PBXFileReference; fileEncoding = 4; lastKnownFileType = sourcecode.swift; path = DancingShoesViewController.swift; sourceTree = "<group>"; };
		091615371D7BFF5700D924D8 /* AddPostAddress.swift */ = {isa = PBXFileReference; fileEncoding = 4; lastKnownFileType = sourcecode.swift; path = AddPostAddress.swift; sourceTree = "<group>"; };
		091615391D7C02EC00D924D8 /* FreeAddress.swift */ = {isa = PBXFileReference; fileEncoding = 4; lastKnownFileType = sourcecode.swift; path = FreeAddress.swift; sourceTree = "<group>"; };
		0916153B1D7C040B00D924D8 /* PostAddress.swift */ = {isa = PBXFileReference; fileEncoding = 4; lastKnownFileType = sourcecode.swift; path = PostAddress.swift; sourceTree = "<group>"; };
		0916CD5E1D3FC65300167988 /* Tools.swift */ = {isa = PBXFileReference; fileEncoding = 4; lastKnownFileType = sourcecode.swift; path = Tools.swift; sourceTree = "<group>"; };
		091AE1431D7AE6A1002CB33F /* Extensions.swift */ = {isa = PBXFileReference; fileEncoding = 4; lastKnownFileType = sourcecode.swift; path = Extensions.swift; sourceTree = "<group>"; };
		09232EC91D3BD7F500CF0C0A /* FBSDKCoreKit.framework */ = {isa = PBXFileReference; lastKnownFileType = wrapper.framework; name = FBSDKCoreKit.framework; path = ../../../Documents/FacebookSDKs/FBSDKCoreKit.framework; sourceTree = "<group>"; };
		09232ECA1D3BD7F500CF0C0A /* FBSDKLoginKit.framework */ = {isa = PBXFileReference; lastKnownFileType = wrapper.framework; name = FBSDKLoginKit.framework; path = ../../../Documents/FacebookSDKs/FBSDKLoginKit.framework; sourceTree = "<group>"; };
		09232ECB1D3BD7F500CF0C0A /* FBSDKShareKit.framework */ = {isa = PBXFileReference; lastKnownFileType = wrapper.framework; name = FBSDKShareKit.framework; path = ../../../Documents/FacebookSDKs/FBSDKShareKit.framework; sourceTree = "<group>"; };
		09232ECF1D3BDEC600CF0C0A /* GoogleService-Info.plist */ = {isa = PBXFileReference; fileEncoding = 4; lastKnownFileType = text.plist.xml; path = "GoogleService-Info.plist"; sourceTree = "<group>"; };
		092629971D675B7B00F3112C /* ProductTab.swift */ = {isa = PBXFileReference; fileEncoding = 4; lastKnownFileType = sourcecode.swift; path = ProductTab.swift; sourceTree = "<group>"; };
		092856B81D76470200B81D6F /* EditProfilePhoto.swift */ = {isa = PBXFileReference; fileEncoding = 4; lastKnownFileType = sourcecode.swift; path = EditProfilePhoto.swift; sourceTree = "<group>"; };
		094CDC371D72590C00D03A5B /* EditProfile.swift */ = {isa = PBXFileReference; fileEncoding = 4; lastKnownFileType = sourcecode.swift; path = EditProfile.swift; sourceTree = "<group>"; };
		094CDC5C1D72F10E00D03A5B /* EidtUserName.swift */ = {isa = PBXFileReference; fileEncoding = 4; lastKnownFileType = sourcecode.swift; path = EidtUserName.swift; sourceTree = "<group>"; };
		094CDC5E1D733F1B00D03A5B /* EditPhoneNumber.swift */ = {isa = PBXFileReference; fileEncoding = 4; lastKnownFileType = sourcecode.swift; path = EditPhoneNumber.swift; sourceTree = "<group>"; };
		0955E4E01D36F4EE0060B47E /* aomai.app */ = {isa = PBXFileReference; explicitFileType = wrapper.application; includeInIndex = 0; path = aomai.app; sourceTree = BUILT_PRODUCTS_DIR; };
		0955E4E31D36F4EE0060B47E /* AppDelegate.swift */ = {isa = PBXFileReference; lastKnownFileType = sourcecode.swift; path = AppDelegate.swift; sourceTree = "<group>"; };
		0955E4EA1D36F4EE0060B47E /* Assets.xcassets */ = {isa = PBXFileReference; lastKnownFileType = folder.assetcatalog; path = Assets.xcassets; sourceTree = "<group>"; };
		0955E4ED1D36F4EE0060B47E /* Base */ = {isa = PBXFileReference; lastKnownFileType = file.storyboard; name = Base; path = Base.lproj/LaunchScreen.storyboard; sourceTree = "<group>"; };
		0955E4EF1D36F4EE0060B47E /* Info.plist */ = {isa = PBXFileReference; lastKnownFileType = text.plist.xml; path = Info.plist; sourceTree = "<group>"; };
		0955E4F71D36F6070060B47E /* StoreTab.swift */ = {isa = PBXFileReference; fileEncoding = 4; lastKnownFileType = sourcecode.swift; path = StoreTab.swift; sourceTree = "<group>"; };
		0955E4F91D36F6230060B47E /* CartTab.swift */ = {isa = PBXFileReference; fileEncoding = 4; lastKnownFileType = sourcecode.swift; path = CartTab.swift; sourceTree = "<group>"; };
		0955E4FB1D36F6340060B47E /* MeTab.swift */ = {isa = PBXFileReference; fileEncoding = 4; lastKnownFileType = sourcecode.swift; path = MeTab.swift; sourceTree = "<group>"; };
		0955E4FD1D36F64E0060B47E /* Tabbar.swift */ = {isa = PBXFileReference; fileEncoding = 4; lastKnownFileType = sourcecode.swift; path = Tabbar.swift; sourceTree = "<group>"; };
		0955E4FF1D3700810060B47E /* SocialSignIn.swift */ = {isa = PBXFileReference; fileEncoding = 4; lastKnownFileType = sourcecode.swift; path = SocialSignIn.swift; sourceTree = "<group>"; };
		097469231D4BB052009459EF /* Vser.swift */ = {isa = PBXFileReference; fileEncoding = 4; lastKnownFileType = sourcecode.swift; path = Vser.swift; sourceTree = "<group>"; };
		098E0A891D80BC5A0045A9D2 /* EditPostAddress.swift */ = {isa = PBXFileReference; fileEncoding = 4; lastKnownFileType = sourcecode.swift; path = EditPostAddress.swift; sourceTree = "<group>"; };
		09991E071D6D0E22009B81F9 /* EmptyTableView.swift */ = {isa = PBXFileReference; fileEncoding = 4; lastKnownFileType = sourcecode.swift; path = EmptyTableView.swift; sourceTree = "<group>"; };
		099B9AE21D4FA50F006CC617 /* MyAddress.swift */ = {isa = PBXFileReference; fileEncoding = 4; lastKnownFileType = sourcecode.swift; path = MyAddress.swift; sourceTree = "<group>"; };
		099F74891D78E46100EE84D3 /* MYTextField.swift */ = {isa = PBXFileReference; fileEncoding = 4; lastKnownFileType = sourcecode.swift; path = MYTextField.swift; sourceTree = "<group>"; };
		09B7E8431D3DDF4000479035 /* Register.swift */ = {isa = PBXFileReference; fileEncoding = 4; lastKnownFileType = sourcecode.swift; path = Register.swift; sourceTree = "<group>"; };
		09D05E431D635CDD0020B70F /* AboutUs.swift */ = {isa = PBXFileReference; fileEncoding = 4; lastKnownFileType = sourcecode.swift; path = AboutUs.swift; sourceTree = "<group>"; };
		09D3574B1D8ADB51009E9E49 /* ShortProduct.swift */ = {isa = PBXFileReference; fileEncoding = 4; lastKnownFileType = sourcecode.swift; path = ShortProduct.swift; sourceTree = "<group>"; };
		09FC426A1D8759450016937E /* BriefProductCollectionViewCell.swift */ = {isa = PBXFileReference; fileEncoding = 4; lastKnownFileType = sourcecode.swift; path = BriefProductCollectionViewCell.swift; sourceTree = "<group>"; };
		49ECF41FECF2F06D027E7A71 /* Pods-aomai.release.xcconfig */ = {isa = PBXFileReference; includeInIndex = 1; lastKnownFileType = text.xcconfig; name = "Pods-aomai.release.xcconfig"; path = "Pods/Target Support Files/Pods-aomai/Pods-aomai.release.xcconfig"; sourceTree = "<group>"; };
		C022D0FB85189C919AAEA95E /* Pods-aomai.debug.xcconfig */ = {isa = PBXFileReference; includeInIndex = 1; lastKnownFileType = text.xcconfig; name = "Pods-aomai.debug.xcconfig"; path = "Pods/Target Support Files/Pods-aomai/Pods-aomai.debug.xcconfig"; sourceTree = "<group>"; };
		D6270E9424D0A8DFF1F1ECF7 /* Pods_aomai.framework */ = {isa = PBXFileReference; explicitFileType = wrapper.framework; includeInIndex = 0; path = Pods_aomai.framework; sourceTree = BUILT_PRODUCTS_DIR; };
/* End PBXFileReference section */

/* Begin PBXFrameworksBuildPhase section */
		0955E4DD1D36F4EE0060B47E /* Frameworks */ = {
			isa = PBXFrameworksBuildPhase;
			buildActionMask = 2147483647;
			files = (
				09232ECE1D3BD7F500CF0C0A /* FBSDKShareKit.framework in Frameworks */,
				0C6F72DF964B3A8BFE3CC86F /* Pods_aomai.framework in Frameworks */,
				09232ECC1D3BD7F500CF0C0A /* FBSDKCoreKit.framework in Frameworks */,
				09232ECD1D3BD7F500CF0C0A /* FBSDKLoginKit.framework in Frameworks */,
			);
			runOnlyForDeploymentPostprocessing = 0;
		};
/* End PBXFrameworksBuildPhase section */

/* Begin PBXGroup section */
		094CDC5B1D72F0D500D03A5B /* VIEWOFEDITPROFILE */ = {
			isa = PBXGroup;
			children = (
				094CDC5C1D72F10E00D03A5B /* EidtUserName.swift */,
				094CDC5E1D733F1B00D03A5B /* EditPhoneNumber.swift */,
				092856B81D76470200B81D6F /* EditProfilePhoto.swift */,
				091615331D7BFE0C00D924D8 /* EditFreeAddress.swift */,
				091615371D7BFF5700D924D8 /* AddPostAddress.swift */,
				098E0A891D80BC5A0045A9D2 /* EditPostAddress.swift */,
			);
			name = VIEWOFEDITPROFILE;
			sourceTree = "<group>";
		};
		0955E4D71D36F4EE0060B47E = {
			isa = PBXGroup;
			children = (
				0955E4E21D36F4EE0060B47E /* aomai */,
				0955E4E11D36F4EE0060B47E /* Products */,
				B1A53F096CC4BD512797BEE5 /* Pods */,
				F5EE73F8D8C48778044E2AD9 /* Frameworks */,
			);
			sourceTree = "<group>";
		};
		0955E4E11D36F4EE0060B47E /* Products */ = {
			isa = PBXGroup;
			children = (
				0955E4E01D36F4EE0060B47E /* aomai.app */,
			);
			name = Products;
			sourceTree = "<group>";
		};
		0955E4E21D36F4EE0060B47E /* aomai */ = {
			isa = PBXGroup;
			children = (
				099F74881D78E42300EE84D3 /* MYCLASS */,
				09A5BEE21D6F4AF900714DF4 /* VIEWCONTROLLERS */,
				09991E061D6D0DD7009B81F9 /* Tools */,
				099B9AE11D4FA4DD006CC617 /* functions */,
				0955E4E31D36F4EE0060B47E /* AppDelegate.swift */,
				0955E4EA1D36F4EE0060B47E /* Assets.xcassets */,
				0955E4EC1D36F4EE0060B47E /* LaunchScreen.storyboard */,
				0955E4EF1D36F4EE0060B47E /* Info.plist */,
				09232ECF1D3BDEC600CF0C0A /* GoogleService-Info.plist */,
			);
			path = aomai;
			sourceTree = "<group>";
		};
		09991E061D6D0DD7009B81F9 /* Tools */ = {
			isa = PBXGroup;
			children = (
				0916CD5E1D3FC65300167988 /* Tools.swift */,
				097469231D4BB052009459EF /* Vser.swift */,
				09991E071D6D0E22009B81F9 /* EmptyTableView.swift */,
				091AE1431D7AE6A1002CB33F /* Extensions.swift */,
				091615391D7C02EC00D924D8 /* FreeAddress.swift */,
				0916153B1D7C040B00D924D8 /* PostAddress.swift */,
				09D3574B1D8ADB51009E9E49 /* ShortProduct.swift */,
			);
			name = Tools;
			sourceTree = "<group>";
		};
		099B9AE11D4FA4DD006CC617 /* functions */ = {
			isa = PBXGroup;
			children = (
				094CDC5B1D72F0D500D03A5B /* VIEWOFEDITPROFILE */,
				099B9AE21D4FA50F006CC617 /* MyAddress.swift */,
				09107FE71D5B7DA20099E52C /* OrderView.swift */,
				09D05E431D635CDD0020B70F /* AboutUs.swift */,
				094CDC371D72590C00D03A5B /* EditProfile.swift */,
			);
			name = functions;
			sourceTree = "<group>";
		};
		099F74881D78E42300EE84D3 /* MYCLASS */ = {
			isa = PBXGroup;
			children = (
				09FC42691D8759160016937E /* CELL */,
				099F74891D78E46100EE84D3 /* MYTextField.swift */,
				091615351D7BFE4F00D924D8 /* DancingShoesViewController.swift */,
			);
			name = MYCLASS;
			sourceTree = "<group>";
		};
		09A5BEE21D6F4AF900714DF4 /* VIEWCONTROLLERS */ = {
			isa = PBXGroup;
			children = (
				0955E4F71D36F6070060B47E /* StoreTab.swift */,
				0955E4F91D36F6230060B47E /* CartTab.swift */,
				0955E4FB1D36F6340060B47E /* MeTab.swift */,
				092629971D675B7B00F3112C /* ProductTab.swift */,
				0955E4FD1D36F64E0060B47E /* Tabbar.swift */,
				0955E4FF1D3700810060B47E /* SocialSignIn.swift */,
				09B7E8431D3DDF4000479035 /* Register.swift */,
			);
			name = VIEWCONTROLLERS;
			sourceTree = "<group>";
		};
		09FC42691D8759160016937E /* CELL */ = {
			isa = PBXGroup;
			children = (
				09FC426A1D8759450016937E /* BriefProductCollectionViewCell.swift */,
			);
			name = CELL;
			sourceTree = "<group>";
		};
		B1A53F096CC4BD512797BEE5 /* Pods */ = {
			isa = PBXGroup;
			children = (
				C022D0FB85189C919AAEA95E /* Pods-aomai.debug.xcconfig */,
				49ECF41FECF2F06D027E7A71 /* Pods-aomai.release.xcconfig */,
			);
			name = Pods;
			sourceTree = "<group>";
		};
		F5EE73F8D8C48778044E2AD9 /* Frameworks */ = {
			isa = PBXGroup;
			children = (
				09232EC91D3BD7F500CF0C0A /* FBSDKCoreKit.framework */,
				09232ECA1D3BD7F500CF0C0A /* FBSDKLoginKit.framework */,
				09232ECB1D3BD7F500CF0C0A /* FBSDKShareKit.framework */,
				D6270E9424D0A8DFF1F1ECF7 /* Pods_aomai.framework */,
			);
			name = Frameworks;
			sourceTree = "<group>";
		};
/* End PBXGroup section */

/* Begin PBXNativeTarget section */
		0955E4DF1D36F4EE0060B47E /* aomai */ = {
			isa = PBXNativeTarget;
			buildConfigurationList = 0955E4F21D36F4EE0060B47E /* Build configuration list for PBXNativeTarget "aomai" */;
			buildPhases = (
				0A9D1AC47FE5B0A0B0860247 /* Check Pods Manifest.lock */,
				0955E4DC1D36F4EE0060B47E /* Sources */,
				0955E4DD1D36F4EE0060B47E /* Frameworks */,
				0955E4DE1D36F4EE0060B47E /* Resources */,
				C7CE3DBABCBF28B2576E287D /* Embed Pods Frameworks */,
				80D1778F262F3412FD01A60E /* Copy Pods Resources */,
			);
			buildRules = (
			);
			dependencies = (
			);
			name = aomai;
			productName = aomai;
			productReference = 0955E4E01D36F4EE0060B47E /* aomai.app */;
			productType = "com.apple.product-type.application";
		};
/* End PBXNativeTarget section */

/* Begin PBXProject section */
		0955E4D81D36F4EE0060B47E /* Project object */ = {
			isa = PBXProject;
			attributes = {
				LastSwiftUpdateCheck = 0730;
				LastUpgradeCheck = 0730;
				ORGANIZATIONNAME = aomai;
				TargetAttributes = {
					0955E4DF1D36F4EE0060B47E = {
						CreatedOnToolsVersion = 7.3;
						DevelopmentTeam = E83K3DESG7;
					};
				};
			};
			buildConfigurationList = 0955E4DB1D36F4EE0060B47E /* Build configuration list for PBXProject "aomai" */;
			compatibilityVersion = "Xcode 3.2";
			developmentRegion = English;
			hasScannedForEncodings = 0;
			knownRegions = (
				en,
				Base,
			);
			mainGroup = 0955E4D71D36F4EE0060B47E;
			productRefGroup = 0955E4E11D36F4EE0060B47E /* Products */;
			projectDirPath = "";
			projectRoot = "";
			targets = (
				0955E4DF1D36F4EE0060B47E /* aomai */,
			);
		};
/* End PBXProject section */

/* Begin PBXResourcesBuildPhase section */
		0955E4DE1D36F4EE0060B47E /* Resources */ = {
			isa = PBXResourcesBuildPhase;
			buildActionMask = 2147483647;
			files = (
				0955E4EE1D36F4EE0060B47E /* LaunchScreen.storyboard in Resources */,
				0955E4EB1D36F4EE0060B47E /* Assets.xcassets in Resources */,
				09232ED01D3BDEC600CF0C0A /* GoogleService-Info.plist in Resources */,
			);
			runOnlyForDeploymentPostprocessing = 0;
		};
/* End PBXResourcesBuildPhase section */

/* Begin PBXShellScriptBuildPhase section */
		0A9D1AC47FE5B0A0B0860247 /* Check Pods Manifest.lock */ = {
			isa = PBXShellScriptBuildPhase;
			buildActionMask = 2147483647;
			files = (
			);
			inputPaths = (
			);
			name = "Check Pods Manifest.lock";
			outputPaths = (
			);
			runOnlyForDeploymentPostprocessing = 0;
			shellPath = /bin/sh;
			shellScript = "diff \"${PODS_ROOT}/../Podfile.lock\" \"${PODS_ROOT}/Manifest.lock\" > /dev/null\nif [[ $? != 0 ]] ; then\n    cat << EOM\nerror: The sandbox is not in sync with the Podfile.lock. Run 'pod install' or update your CocoaPods installation.\nEOM\n    exit 1\nfi\n";
			showEnvVarsInLog = 0;
		};
		80D1778F262F3412FD01A60E /* Copy Pods Resources */ = {
			isa = PBXShellScriptBuildPhase;
			buildActionMask = 2147483647;
			files = (
			);
			inputPaths = (
			);
			name = "Copy Pods Resources";
			outputPaths = (
			);
			runOnlyForDeploymentPostprocessing = 0;
			shellPath = /bin/sh;
			shellScript = "\"${SRCROOT}/Pods/Target Support Files/Pods-aomai/Pods-aomai-resources.sh\"\n";
			showEnvVarsInLog = 0;
		};
		C7CE3DBABCBF28B2576E287D /* Embed Pods Frameworks */ = {
			isa = PBXShellScriptBuildPhase;
			buildActionMask = 2147483647;
			files = (
			);
			inputPaths = (
			);
			name = "Embed Pods Frameworks";
			outputPaths = (
			);
			runOnlyForDeploymentPostprocessing = 0;
			shellPath = /bin/sh;
			shellScript = "\"${SRCROOT}/Pods/Target Support Files/Pods-aomai/Pods-aomai-frameworks.sh\"\n";
			showEnvVarsInLog = 0;
		};
/* End PBXShellScriptBuildPhase section */

/* Begin PBXSourcesBuildPhase section */
		0955E4DC1D36F4EE0060B47E /* Sources */ = {
			isa = PBXSourcesBuildPhase;
			buildActionMask = 2147483647;
			files = (
				09FC426B1D8759450016937E /* BriefProductCollectionViewCell.swift in Sources */,
				099B9AE31D4FA50F006CC617 /* MyAddress.swift in Sources */,
				09D05E441D635CDD0020B70F /* AboutUs.swift in Sources */,
				091615341D7BFE0C00D924D8 /* EditFreeAddress.swift in Sources */,
				0955E4FE1D36F64E0060B47E /* Tabbar.swift in Sources */,
				0916153A1D7C02EC00D924D8 /* FreeAddress.swift in Sources */,
				094CDC5D1D72F10E00D03A5B /* EidtUserName.swift in Sources */,
				0955E4E41D36F4EE0060B47E /* AppDelegate.swift in Sources */,
				09B7E8441D3DDF4000479035 /* Register.swift in Sources */,
				0955E4FA1D36F6230060B47E /* CartTab.swift in Sources */,
				091615361D7BFE4F00D924D8 /* DancingShoesViewController.swift in Sources */,
				0955E5001D3700810060B47E /* SocialSignIn.swift in Sources */,
				09991E081D6D0E22009B81F9 /* EmptyTableView.swift in Sources */,
				0916153C1D7C040B00D924D8 /* PostAddress.swift in Sources */,
				094CDC381D72590C00D03A5B /* EditProfile.swift in Sources */,
				099F748A1D78E46100EE84D3 /* MYTextField.swift in Sources */,
				0916CD5F1D3FC65300167988 /* Tools.swift in Sources */,
				0955E4FC1D36F6340060B47E /* MeTab.swift in Sources */,
				091615381D7BFF5700D924D8 /* AddPostAddress.swift in Sources */,
				094CDC5F1D733F1B00D03A5B /* EditPhoneNumber.swift in Sources */,
				092629981D675B7B00F3112C /* ProductTab.swift in Sources */,
				098E0A8A1D80BC5A0045A9D2 /* EditPostAddress.swift in Sources */,
				091AE1441D7AE6A1002CB33F /* Extensions.swift in Sources */,
				092856B91D76470200B81D6F /* EditProfilePhoto.swift in Sources */,
				09107FE81D5B7DA20099E52C /* OrderView.swift in Sources */,
				097469241D4BB052009459EF /* Vser.swift in Sources */,
				09D3574C1D8ADB51009E9E49 /* ShortProduct.swift in Sources */,
				0955E4F81D36F6070060B47E /* StoreTab.swift in Sources */,
			);
			runOnlyForDeploymentPostprocessing = 0;
		};
/* End PBXSourcesBuildPhase section */

/* Begin PBXVariantGroup section */
		0955E4EC1D36F4EE0060B47E /* LaunchScreen.storyboard */ = {
			isa = PBXVariantGroup;
			children = (
				0955E4ED1D36F4EE0060B47E /* Base */,
			);
			name = LaunchScreen.storyboard;
			sourceTree = "<group>";
		};
/* End PBXVariantGroup section */

/* Begin XCBuildConfiguration section */
		0955E4F01D36F4EE0060B47E /* Debug */ = {
			isa = XCBuildConfiguration;
			buildSettings = {
				ALWAYS_SEARCH_USER_PATHS = NO;
				CLANG_ANALYZER_NONNULL = YES;
				CLANG_CXX_LANGUAGE_STANDARD = "gnu++0x";
				CLANG_CXX_LIBRARY = "libc++";
				CLANG_ENABLE_MODULES = YES;
				CLANG_ENABLE_OBJC_ARC = YES;
				CLANG_WARN_BOOL_CONVERSION = YES;
				CLANG_WARN_CONSTANT_CONVERSION = YES;
				CLANG_WARN_DIRECT_OBJC_ISA_USAGE = YES_ERROR;
				CLANG_WARN_EMPTY_BODY = YES;
				CLANG_WARN_ENUM_CONVERSION = YES;
				CLANG_WARN_INT_CONVERSION = YES;
				CLANG_WARN_OBJC_ROOT_CLASS = YES_ERROR;
				CLANG_WARN_UNREACHABLE_CODE = YES;
				CLANG_WARN__DUPLICATE_METHOD_MATCH = YES;
				"CODE_SIGN_IDENTITY[sdk=iphoneos*]" = "iPhone Developer";
				COPY_PHASE_STRIP = NO;
				DEBUG_INFORMATION_FORMAT = dwarf;
				ENABLE_STRICT_OBJC_MSGSEND = YES;
				ENABLE_TESTABILITY = YES;
				GCC_C_LANGUAGE_STANDARD = gnu99;
				GCC_DYNAMIC_NO_PIC = NO;
				GCC_NO_COMMON_BLOCKS = YES;
				GCC_OPTIMIZATION_LEVEL = 0;
				GCC_PREPROCESSOR_DEFINITIONS = (
					"DEBUG=1",
					"$(inherited)",
				);
				GCC_WARN_64_TO_32_BIT_CONVERSION = YES;
				GCC_WARN_ABOUT_RETURN_TYPE = YES_ERROR;
				GCC_WARN_UNDECLARED_SELECTOR = YES;
				GCC_WARN_UNINITIALIZED_AUTOS = YES_AGGRESSIVE;
				GCC_WARN_UNUSED_FUNCTION = YES;
				GCC_WARN_UNUSED_VARIABLE = YES;
				IPHONEOS_DEPLOYMENT_TARGET = 9.3;
				MTL_ENABLE_DEBUG_INFO = YES;
				ONLY_ACTIVE_ARCH = YES;
				SDKROOT = iphoneos;
				SWIFT_OPTIMIZATION_LEVEL = "-Onone";
			};
			name = Debug;
		};
		0955E4F11D36F4EE0060B47E /* Release */ = {
			isa = XCBuildConfiguration;
			buildSettings = {
				ALWAYS_SEARCH_USER_PATHS = NO;
				CLANG_ANALYZER_NONNULL = YES;
				CLANG_CXX_LANGUAGE_STANDARD = "gnu++0x";
				CLANG_CXX_LIBRARY = "libc++";
				CLANG_ENABLE_MODULES = YES;
				CLANG_ENABLE_OBJC_ARC = YES;
				CLANG_WARN_BOOL_CONVERSION = YES;
				CLANG_WARN_CONSTANT_CONVERSION = YES;
				CLANG_WARN_DIRECT_OBJC_ISA_USAGE = YES_ERROR;
				CLANG_WARN_EMPTY_BODY = YES;
				CLANG_WARN_ENUM_CONVERSION = YES;
				CLANG_WARN_INT_CONVERSION = YES;
				CLANG_WARN_OBJC_ROOT_CLASS = YES_ERROR;
				CLANG_WARN_UNREACHABLE_CODE = YES;
				CLANG_WARN__DUPLICATE_METHOD_MATCH = YES;
				"CODE_SIGN_IDENTITY[sdk=iphoneos*]" = "iPhone Developer";
				COPY_PHASE_STRIP = NO;
				DEBUG_INFORMATION_FORMAT = "dwarf-with-dsym";
				ENABLE_NS_ASSERTIONS = NO;
				ENABLE_STRICT_OBJC_MSGSEND = YES;
				GCC_C_LANGUAGE_STANDARD = gnu99;
				GCC_NO_COMMON_BLOCKS = YES;
				GCC_WARN_64_TO_32_BIT_CONVERSION = YES;
				GCC_WARN_ABOUT_RETURN_TYPE = YES_ERROR;
				GCC_WARN_UNDECLARED_SELECTOR = YES;
				GCC_WARN_UNINITIALIZED_AUTOS = YES_AGGRESSIVE;
				GCC_WARN_UNUSED_FUNCTION = YES;
				GCC_WARN_UNUSED_VARIABLE = YES;
				IPHONEOS_DEPLOYMENT_TARGET = 9.3;
				MTL_ENABLE_DEBUG_INFO = NO;
				SDKROOT = iphoneos;
				VALIDATE_PRODUCT = YES;
			};
			name = Release;
		};
		0955E4F31D36F4EE0060B47E /* Debug */ = {
			isa = XCBuildConfiguration;
			baseConfigurationReference = C022D0FB85189C919AAEA95E /* Pods-aomai.debug.xcconfig */;
			buildSettings = {
				ASSETCATALOG_COMPILER_APPICON_NAME = AppIcon;
				FRAMEWORK_SEARCH_PATHS = (
					"$(inherited)",
					"\"${PODS_ROOT}/FirebaseAnalytics/Frameworks/frameworks\"",
					"\"${PODS_ROOT}/FirebaseAuth/Frameworks/frameworks\"",
					"\"${PODS_ROOT}/FirebaseDatabase/Frameworks\"",
					"\"${PODS_ROOT}/FirebaseInstanceID/Frameworks\"",
					"\"${PODS_ROOT}/FirebaseStorage/Frameworks\"",
					"\"${PODS_ROOT}/GoogleInterchangeUtilities/Frameworks\"",
					"\"${PODS_ROOT}/GoogleNetworkingUtilities/Frameworks\"",
					"\"${PODS_ROOT}/GoogleParsingUtilities/Frameworks\"",
					"\"${PODS_ROOT}/GoogleSymbolUtilities/Frameworks\"",
					"\"${PODS_ROOT}/GoogleUtilities/Frameworks\"",
					/Users/Singto/Documents/FacebookSDKs,
				);
				INFOPLIST_FILE = aomai/Info.plist;
				IPHONEOS_DEPLOYMENT_TARGET = 9.0;
				LD_RUNPATH_SEARCH_PATHS = "$(inherited) @executable_path/Frameworks";
				PRODUCT_BUNDLE_IDENTIFIER = co.aomai.aomai;
				PRODUCT_NAME = "$(TARGET_NAME)";
			};
			name = Debug;
		};
		0955E4F41D36F4EE0060B47E /* Release */ = {
			isa = XCBuildConfiguration;
			baseConfigurationReference = 49ECF41FECF2F06D027E7A71 /* Pods-aomai.release.xcconfig */;
			buildSettings = {
				ASSETCATALOG_COMPILER_APPICON_NAME = AppIcon;
				FRAMEWORK_SEARCH_PATHS = (
					"$(inherited)",
					"\"${PODS_ROOT}/FirebaseAnalytics/Frameworks/frameworks\"",
					"\"${PODS_ROOT}/FirebaseAuth/Frameworks/frameworks\"",
					"\"${PODS_ROOT}/FirebaseDatabase/Frameworks\"",
					"\"${PODS_ROOT}/FirebaseInstanceID/Frameworks\"",
					"\"${PODS_ROOT}/FirebaseStorage/Frameworks\"",
					"\"${PODS_ROOT}/GoogleInterchangeUtilities/Frameworks\"",
					"\"${PODS_ROOT}/GoogleNetworkingUtilities/Frameworks\"",
					"\"${PODS_ROOT}/GoogleParsingUtilities/Frameworks\"",
					"\"${PODS_ROOT}/GoogleSymbolUtilities/Frameworks\"",
					"\"${PODS_ROOT}/GoogleUtilities/Frameworks\"",
					/Users/Singto/Documents/FacebookSDKs,
				);
				INFOPLIST_FILE = aomai/Info.plist;
				IPHONEOS_DEPLOYMENT_TARGET = 9.0;
				LD_RUNPATH_SEARCH_PATHS = "$(inherited) @executable_path/Frameworks";
				PRODUCT_BUNDLE_IDENTIFIER = co.aomai.aomai;
				PRODUCT_NAME = "$(TARGET_NAME)";
			};
			name = Release;
		};
/* End XCBuildConfiguration section */

/* Begin XCConfigurationList section */
		0955E4DB1D36F4EE0060B47E /* Build configuration list for PBXProject "aomai" */ = {
			isa = XCConfigurationList;
			buildConfigurations = (
				0955E4F01D36F4EE0060B47E /* Debug */,
				0955E4F11D36F4EE0060B47E /* Release */,
			);
			defaultConfigurationIsVisible = 0;
			defaultConfigurationName = Release;
		};
		0955E4F21D36F4EE0060B47E /* Build configuration list for PBXNativeTarget "aomai" */ = {
			isa = XCConfigurationList;
			buildConfigurations = (
				0955E4F31D36F4EE0060B47E /* Debug */,
				0955E4F41D36F4EE0060B47E /* Release */,
			);
			defaultConfigurationIsVisible = 0;
			defaultConfigurationName = Release;
		};
/* End XCConfigurationList section */
	};
	rootObject = 0955E4D81D36F4EE0060B47E /* Project object */;
}
